// !$*UTF8*$!
{
	archiveVersion = 1;
	classes = {
	};
	objectVersion = 63;
	objects = {

/* Begin PBXBuildFile section */
		02A0FB88EE77B24E8C4417A2 /* PhotoReference.swift in Sources */ = {isa = PBXBuildFile; fileRef = 07503F2F19EDCEFA21367418 /* PhotoReference.swift */; };
		0F8D3F7E31514F59C2B78216 /* JubileeEventTests.swift in Sources */ = {isa = PBXBuildFile; fileRef = DB1F73130D5BC191BFD3441D /* JubileeEventTests.swift */; };
		1E4DD6A8A85E6B4DF874545B /* JubileeEvent.swift in Sources */ = {isa = PBXBuildFile; fileRef = 2E05F228B454D107A3AEBF2A /* JubileeEvent.swift */; };
		25AAE78A2E2C713D00C98E2C /* MarineLifeType.swift in Sources */ = {isa = PBXBuildFile; fileRef = 25AAE7892E2C713D00C98E2C /* MarineLifeType.swift */; };
		25AAE78B2E2C713D00C98E2C /* CommunityPost.swift in Sources */ = {isa = PBXBuildFile; fileRef = 25AAE7882E2C713D00C98E2C /* CommunityPost.swift */; };
		25AAE78F2E2C84DD00C98E2C /* CommunityFeedViewModel.swift in Sources */ = {isa = PBXBuildFile; fileRef = 25AAE78E2E2C84DD00C98E2C /* CommunityFeedViewModel.swift */; };
		25AAE7912E2C850500C98E2C /* CommunityFeedView.swift in Sources */ = {isa = PBXBuildFile; fileRef = 25AAE7902E2C850500C98E2C /* CommunityFeedView.swift */; };
		25AAE7932E2C954E00C98E2C /* AuthenticationService.swift in Sources */ = {isa = PBXBuildFile; fileRef = 25AAE7922E2C954E00C98E2C /* AuthenticationService.swift */; };
		25AAE7952E2C956B00C98E2C /* AuthenticationViewModel.swift in Sources */ = {isa = PBXBuildFile; fileRef = 25AAE7942E2C956B00C98E2C /* AuthenticationViewModel.swift */; };
		25AAE7972E2C957600C98E2C /* LoginView.swift in Sources */ = {isa = PBXBuildFile; fileRef = 25AAE7962E2C957600C98E2C /* LoginView.swift */; };
		25AAE7992E2C9CF900C98E2C /* DemoDataService.swift in Sources */ = {isa = PBXBuildFile; fileRef = 25AAE7982E2C9CF900C98E2C /* DemoDataService.swift */; };
		25AAE79B2E2C9D1D00C98E2C /* DashboardView.swift in Sources */ = {isa = PBXBuildFile; fileRef = 25AAE79A2E2C9D1D00C98E2C /* DashboardView.swift */; };
		25AAE79D2E2C9E7B00C98E2C /* Color+Hex.swift in Sources */ = {isa = PBXBuildFile; fileRef = 25AAE79C2E2C9E7B00C98E2C /* Color+Hex.swift */; };
		25AAE7C02E2D871800C98E2C /* PhotoUploadService.swift in Sources */ = {isa = PBXBuildFile; fileRef = 25AAE7BE2E2D871800C98E2C /* PhotoUploadService.swift */; };
		25AAE7C12E2D871800C98E2C /* CloudKitErrorRecovery.swift in Sources */ = {isa = PBXBuildFile; fileRef = 25AAE7BC2E2D871800C98E2C /* CloudKitErrorRecovery.swift */; };
		25AAE7C22E2D871800C98E2C /* UserSessionManager.swift in Sources */ = {isa = PBXBuildFile; fileRef = 25AAE7BF2E2D871800C98E2C /* UserSessionManager.swift */; };
		25AAE7C32E2D871800C98E2C /* CloudKitValidator.swift in Sources */ = {isa = PBXBuildFile; fileRef = 25AAE7BD2E2D871800C98E2C /* CloudKitValidator.swift */; };
		25AAE7C52E2D874700C98E2C /* PhotoPickerView.swift in Sources */ = {isa = PBXBuildFile; fileRef = 25AAE7C42E2D874700C98E2C /* PhotoPickerView.swift */; };
		25AAE7C82E2D87E100C98E2C /* MockServices.swift in Sources */ = {isa = PBXBuildFile; fileRef = 25AAE7C62E2D87E100C98E2C /* MockServices.swift */; };
		25AAE7C92E2D87E100C98E2C /* PhotoPickerViewTests.swift in Sources */ = {isa = PBXBuildFile; fileRef = 25AAE7C72E2D87E100C98E2C /* PhotoPickerViewTests.swift */; };
		25AAE7CD2E2DB7C900C98E2C /* MarineData.swift in Sources */ = {isa = PBXBuildFile; fileRef = 25AAE7CA2E2DB7C900C98E2C /* MarineData.swift */; };
		25AAE7CE2E2DB7C900C98E2C /* WeatherData.swift in Sources */ = {isa = PBXBuildFile; fileRef = 25AAE7CC2E2DB7C900C98E2C /* WeatherData.swift */; };
		25AAE7CF2E2DB7C900C98E2C /* PredictionModels.swift in Sources */ = {isa = PBXBuildFile; fileRef = 25AAE7CB2E2DB7C900C98E2C /* PredictionModels.swift */; };
		25AAE7D32E2DB81F00C98E2C /* PredictionService.swift in Sources */ = {isa = PBXBuildFile; fileRef = 25AAE7D12E2DB81F00C98E2C /* PredictionService.swift */; };
		25AAE7D42E2DB81F00C98E2C /* WeatherAPIService.swift in Sources */ = {isa = PBXBuildFile; fileRef = 25AAE7D22E2DB81F00C98E2C /* WeatherAPIService.swift */; };
		25AAE7D52E2DB81F00C98E2C /* MarineDataService.swift in Sources */ = {isa = PBXBuildFile; fileRef = 25AAE7D02E2DB81F00C98E2C /* MarineDataService.swift */; };
		25AAE7D92E2DB83900C98E2C /* URLSessionProtocol.swift in Sources */ = {isa = PBXBuildFile; fileRef = 25AAE7D72E2DB83900C98E2C /* URLSessionProtocol.swift */; };
		25AAE7DA2E2DB83900C98E2C /* MarineDataProtocol.swift in Sources */ = {isa = PBXBuildFile; fileRef = 25AAE7D62E2DB83900C98E2C /* MarineDataProtocol.swift */; };
		25AAE7DB2E2DB83900C98E2C /* WeatherAPIProtocol.swift in Sources */ = {isa = PBXBuildFile; fileRef = 25AAE7D82E2DB83900C98E2C /* WeatherAPIProtocol.swift */; };
		25AAE7DF2E2DB88800C98E2C /* PredictionServiceTests.swift in Sources */ = {isa = PBXBuildFile; fileRef = 25AAE7DD2E2DB88800C98E2C /* PredictionServiceTests.swift */; };
		25AAE7E02E2DB88800C98E2C /* WeatherAPIServiceTests.swift in Sources */ = {isa = PBXBuildFile; fileRef = 25AAE7DE2E2DB88800C98E2C /* WeatherAPIServiceTests.swift */; };
		25AAE7E12E2DB88800C98E2C /* MarineDataServiceTests.swift in Sources */ = {isa = PBXBuildFile; fileRef = 25AAE7DC2E2DB88800C98E2C /* MarineDataServiceTests.swift */; };
		25AAE7E42E2DB8A700C98E2C /* WeatherDataTests.swift in Sources */ = {isa = PBXBuildFile; fileRef = 25AAE7E32E2DB8A700C98E2C /* WeatherDataTests.swift */; };
		25AAE7E52E2DB8A700C98E2C /* MarineDataTests.swift in Sources */ = {isa = PBXBuildFile; fileRef = 25AAE7E22E2DB8A700C98E2C /* MarineDataTests.swift */; };
		25AAE7E72E2DC6B000C98E2C /* DashboardViewModel.swift in Sources */ = {isa = PBXBuildFile; fileRef = 25AAE7E62E2DC6B000C98E2C /* DashboardViewModel.swift */; };
		2E2E90CD329479FC51E17584 /* JubileeEnums.swift in Sources */ = {isa = PBXBuildFile; fileRef = 4468F0718504EFA782915D21 /* JubileeEnums.swift */; };
		3969F25337B9FB7FB89E3740 /* JubileeMapView.swift in Sources */ = {isa = PBXBuildFile; fileRef = FEE97EE742DD10A97129EC61 /* JubileeMapView.swift */; };
		3E62F7ABAB1A2904C8611107 /* LocationService.swift in Sources */ = {isa = PBXBuildFile; fileRef = 73A95D008249593E9AFBACE0 /* LocationService.swift */; };
		3EDF6D7F2A11DDC3357B191D /* JubileeMetadata.swift in Sources */ = {isa = PBXBuildFile; fileRef = F62C006DFE00BFAEBA8DFE1C /* JubileeMetadata.swift */; };
		4BD9E1246BB06315F126C1E4 /* CloudKitSchema.md in Resources */ = {isa = PBXBuildFile; fileRef = 853BE2D24CECBCCD26D0BCBF /* CloudKitSchema.md */; };
		4BFF0BBF07C15DB314B41536 /* ReportView.swift in Sources */ = {isa = PBXBuildFile; fileRef = 0D226286DF092FF4E4B8F796 /* ReportView.swift */; };
		5088BB10B4F5348151A86165 /* EnvironmentalData.swift in Sources */ = {isa = PBXBuildFile; fileRef = 008FF7CCBD7D269A29216A86 /* EnvironmentalData.swift */; };
		5C0B624CA37CDE0205D27C93 /* EventAnnotation.swift in Sources */ = {isa = PBXBuildFile; fileRef = 204FBBAAB6038157D7B71179 /* EventAnnotation.swift */; };
		60A0103946111963A16047C8 /* ReportViewModel.swift in Sources */ = {isa = PBXBuildFile; fileRef = B278E841280425D866A6A159 /* ReportViewModel.swift */; };
		646410BBB0D62F74E47BA373 /* ContentView.swift in Sources */ = {isa = PBXBuildFile; fileRef = 2ECEB6B648779C7E6A321DE1 /* ContentView.swift */; };
		65791C27F093763E30615347 /* LocationAccuracy.swift in Sources */ = {isa = PBXBuildFile; fileRef = 4B6E56430F4EA5DF9FDEA0AD /* LocationAccuracy.swift */; };
		6C5C825B0D6EE79A7E4A89A5 /* MapViewModelTests.swift in Sources */ = {isa = PBXBuildFile; fileRef = DFE6B9D122872EF9EA04E652 /* MapViewModelTests.swift */; };
		71B08017A78BC9AB8FFE7B70 /* PhotoItem.swift in Sources */ = {isa = PBXBuildFile; fileRef = 9F069B4762AECF9781E0870E /* PhotoItem.swift */; };
		7F410491AA2130427457E25F /* EnvironmentalDataTests.swift in Sources */ = {isa = PBXBuildFile; fileRef = C2956AFB046581EFC1218DD8 /* EnvironmentalDataTests.swift */; };
		7FD8DB9D4604D48E06D7490F /* UserReport.swift in Sources */ = {isa = PBXBuildFile; fileRef = 2F9AD856C4089E1F6341B13A /* UserReport.swift */; };
		873805F074852692A19AFA75 /* LocationServiceTests.swift in Sources */ = {isa = PBXBuildFile; fileRef = B77F5FE2CD8BC49950579D36 /* LocationServiceTests.swift */; };
		8C125E7BFE2C07ED82AD2E8E /* ReportViewModelTests.swift in Sources */ = {isa = PBXBuildFile; fileRef = 2542BDFBBFEB22610833CCBB /* ReportViewModelTests.swift */; };
		8DA3B1E23A45D88B5E4BFC49 /* CloudKitService.swift in Sources */ = {isa = PBXBuildFile; fileRef = EFD6D467C4374629BB46DD29 /* CloudKitService.swift */; };
		9B7BFF272E2B447E69152AA5 /* TimeRange.swift in Sources */ = {isa = PBXBuildFile; fileRef = DC1A4564FE17E3EBE2841CC5 /* TimeRange.swift */; };
		9CF8E811A8F5365B8F58AAFA /* JubileeMobileBayApp.swift in Sources */ = {isa = PBXBuildFile; fileRef = 1BB30DF3035163DBED8E8DBE /* JubileeMobileBayApp.swift */; };
		A22761A09BB85A74CC66336D /* EventService.swift in Sources */ = {isa = PBXBuildFile; fileRef = 3464951C1B1A66F3B6A2BCE0 /* EventService.swift */; };
		A7D4EC53520F75F23ACAD7AB /* Assets.xcassets in Resources */ = {isa = PBXBuildFile; fileRef = 83D0FD67B39383C424B91E69 /* Assets.xcassets */; };
		BECF78AFFFC0F88E7AFF30F3 /* LocationServiceProtocol.swift in Sources */ = {isa = PBXBuildFile; fileRef = D72E04BBE629683D6C597352 /* LocationServiceProtocol.swift */; };
		CA8102041D627CE65C9BA2A5 /* CloudKitServiceTests.swift in Sources */ = {isa = PBXBuildFile; fileRef = 1828E5D10E0B371227A82D27 /* CloudKitServiceTests.swift */; };
		D7FCB6BA2125AE4FD1BE34D7 /* CloudKitSchemaSetup.swift in Sources */ = {isa = PBXBuildFile; fileRef = E657B15B9A85ED9F61B214A6 /* CloudKitSchemaSetup.swift */; };
		DB8B457942B77D3A831E22B4 /* UserReportTests.swift in Sources */ = {isa = PBXBuildFile; fileRef = 7B8597AF5AF6662B38E29A90 /* UserReportTests.swift */; };
		DBFDDDDA9D0EAA4DF941C662 /* ReportViewTests.swift in Sources */ = {isa = PBXBuildFile; fileRef = 5A33BB729B7C2753F30E27A3 /* ReportViewTests.swift */; };
		F8BC3B5AF9DB3001724106A5 /* MapViewModel.swift in Sources */ = {isa = PBXBuildFile; fileRef = 8FD09A53CD70AB4567D1A3F0 /* MapViewModel.swift */; };
/* End PBXBuildFile section */

/* Begin PBXContainerItemProxy section */
		01D7A46385C9D43661703A32 /* PBXContainerItemProxy */ = {
			isa = PBXContainerItemProxy;
			containerPortal = F54EB63C980388D908809ABE /* Project object */;
			proxyType = 1;
			remoteGlobalIDString = 88730F4A58F2114D43C101F7;
			remoteInfo = JubileeMobileBay;
		};
/* End PBXContainerItemProxy section */

/* Begin PBXFileReference section */
		008FF7CCBD7D269A29216A86 /* EnvironmentalData.swift */ = {isa = PBXFileReference; lastKnownFileType = sourcecode.swift; path = EnvironmentalData.swift; sourceTree = "<group>"; };
		07503F2F19EDCEFA21367418 /* PhotoReference.swift */ = {isa = PBXFileReference; lastKnownFileType = sourcecode.swift; path = PhotoReference.swift; sourceTree = "<group>"; };
		0D226286DF092FF4E4B8F796 /* ReportView.swift */ = {isa = PBXFileReference; lastKnownFileType = sourcecode.swift; path = ReportView.swift; sourceTree = "<group>"; };
		1828E5D10E0B371227A82D27 /* CloudKitServiceTests.swift */ = {isa = PBXFileReference; lastKnownFileType = sourcecode.swift; path = CloudKitServiceTests.swift; sourceTree = "<group>"; };
		1BB30DF3035163DBED8E8DBE /* JubileeMobileBayApp.swift */ = {isa = PBXFileReference; lastKnownFileType = sourcecode.swift; path = JubileeMobileBayApp.swift; sourceTree = "<group>"; };
		204FBBAAB6038157D7B71179 /* EventAnnotation.swift */ = {isa = PBXFileReference; lastKnownFileType = sourcecode.swift; path = EventAnnotation.swift; sourceTree = "<group>"; };
		2281E2662CFA7726CA11356C /* .gitkeep */ = {isa = PBXFileReference; lastKnownFileType = text; path = .gitkeep; sourceTree = "<group>"; };
		2542BDFBBFEB22610833CCBB /* ReportViewModelTests.swift */ = {isa = PBXFileReference; lastKnownFileType = sourcecode.swift; path = ReportViewModelTests.swift; sourceTree = "<group>"; };
		25AAE7882E2C713D00C98E2C /* CommunityPost.swift */ = {isa = PBXFileReference; lastKnownFileType = sourcecode.swift; path = CommunityPost.swift; sourceTree = "<group>"; };
		25AAE7892E2C713D00C98E2C /* MarineLifeType.swift */ = {isa = PBXFileReference; lastKnownFileType = sourcecode.swift; path = MarineLifeType.swift; sourceTree = "<group>"; };
		25AAE78D2E2C837C00C98E2C /* CloudKitServiceProtocol.swift */ = {isa = PBXFileReference; lastKnownFileType = sourcecode.swift; path = CloudKitServiceProtocol.swift; sourceTree = "<group>"; };
		25AAE78E2E2C84DD00C98E2C /* CommunityFeedViewModel.swift */ = {isa = PBXFileReference; lastKnownFileType = sourcecode.swift; path = CommunityFeedViewModel.swift; sourceTree = "<group>"; };
		25AAE7902E2C850500C98E2C /* CommunityFeedView.swift */ = {isa = PBXFileReference; lastKnownFileType = sourcecode.swift; path = CommunityFeedView.swift; sourceTree = "<group>"; };
		25AAE7922E2C954E00C98E2C /* AuthenticationService.swift */ = {isa = PBXFileReference; lastKnownFileType = sourcecode.swift; path = AuthenticationService.swift; sourceTree = "<group>"; };
		25AAE7942E2C956B00C98E2C /* AuthenticationViewModel.swift */ = {isa = PBXFileReference; lastKnownFileType = sourcecode.swift; path = AuthenticationViewModel.swift; sourceTree = "<group>"; };
		25AAE7962E2C957600C98E2C /* LoginView.swift */ = {isa = PBXFileReference; lastKnownFileType = sourcecode.swift; path = LoginView.swift; sourceTree = "<group>"; };
		25AAE7982E2C9CF900C98E2C /* DemoDataService.swift */ = {isa = PBXFileReference; lastKnownFileType = sourcecode.swift; path = DemoDataService.swift; sourceTree = "<group>"; };
		25AAE79A2E2C9D1D00C98E2C /* DashboardView.swift */ = {isa = PBXFileReference; lastKnownFileType = sourcecode.swift; path = DashboardView.swift; sourceTree = "<group>"; };
		25AAE79C2E2C9E7B00C98E2C /* Color+Hex.swift */ = {isa = PBXFileReference; lastKnownFileType = sourcecode.swift; path = "Color+Hex.swift"; sourceTree = "<group>"; };
		25AAE7BC2E2D871800C98E2C /* CloudKitErrorRecovery.swift */ = {isa = PBXFileReference; lastKnownFileType = sourcecode.swift; path = CloudKitErrorRecovery.swift; sourceTree = "<group>"; };
		25AAE7BD2E2D871800C98E2C /* CloudKitValidator.swift */ = {isa = PBXFileReference; lastKnownFileType = sourcecode.swift; path = CloudKitValidator.swift; sourceTree = "<group>"; };
		25AAE7BE2E2D871800C98E2C /* PhotoUploadService.swift */ = {isa = PBXFileReference; lastKnownFileType = sourcecode.swift; path = PhotoUploadService.swift; sourceTree = "<group>"; };
		25AAE7BF2E2D871800C98E2C /* UserSessionManager.swift */ = {isa = PBXFileReference; lastKnownFileType = sourcecode.swift; path = UserSessionManager.swift; sourceTree = "<group>"; };
		25AAE7C42E2D874700C98E2C /* PhotoPickerView.swift */ = {isa = PBXFileReference; lastKnownFileType = sourcecode.swift; path = PhotoPickerView.swift; sourceTree = "<group>"; };
		25AAE7C62E2D87E100C98E2C /* MockServices.swift */ = {isa = PBXFileReference; lastKnownFileType = sourcecode.swift; path = MockServices.swift; sourceTree = "<group>"; };
		25AAE7C72E2D87E100C98E2C /* PhotoPickerViewTests.swift */ = {isa = PBXFileReference; lastKnownFileType = sourcecode.swift; path = PhotoPickerViewTests.swift; sourceTree = "<group>"; };
		25AAE7CA2E2DB7C900C98E2C /* MarineData.swift */ = {isa = PBXFileReference; lastKnownFileType = sourcecode.swift; path = MarineData.swift; sourceTree = "<group>"; };
		25AAE7CB2E2DB7C900C98E2C /* PredictionModels.swift */ = {isa = PBXFileReference; lastKnownFileType = sourcecode.swift; path = PredictionModels.swift; sourceTree = "<group>"; };
		25AAE7CC2E2DB7C900C98E2C /* WeatherData.swift */ = {isa = PBXFileReference; lastKnownFileType = sourcecode.swift; path = WeatherData.swift; sourceTree = "<group>"; };
		25AAE7D02E2DB81F00C98E2C /* MarineDataService.swift */ = {isa = PBXFileReference; lastKnownFileType = sourcecode.swift; path = MarineDataService.swift; sourceTree = "<group>"; };
		25AAE7D12E2DB81F00C98E2C /* PredictionService.swift */ = {isa = PBXFileReference; lastKnownFileType = sourcecode.swift; path = PredictionService.swift; sourceTree = "<group>"; };
		25AAE7D22E2DB81F00C98E2C /* WeatherAPIService.swift */ = {isa = PBXFileReference; lastKnownFileType = sourcecode.swift; path = WeatherAPIService.swift; sourceTree = "<group>"; };
		25AAE7D62E2DB83900C98E2C /* MarineDataProtocol.swift */ = {isa = PBXFileReference; lastKnownFileType = sourcecode.swift; path = MarineDataProtocol.swift; sourceTree = "<group>"; };
		25AAE7D72E2DB83900C98E2C /* URLSessionProtocol.swift */ = {isa = PBXFileReference; lastKnownFileType = sourcecode.swift; path = URLSessionProtocol.swift; sourceTree = "<group>"; };
		25AAE7D82E2DB83900C98E2C /* WeatherAPIProtocol.swift */ = {isa = PBXFileReference; lastKnownFileType = sourcecode.swift; path = WeatherAPIProtocol.swift; sourceTree = "<group>"; };
		25AAE7DC2E2DB88800C98E2C /* MarineDataServiceTests.swift */ = {isa = PBXFileReference; lastKnownFileType = sourcecode.swift; path = MarineDataServiceTests.swift; sourceTree = "<group>"; };
		25AAE7DD2E2DB88800C98E2C /* PredictionServiceTests.swift */ = {isa = PBXFileReference; lastKnownFileType = sourcecode.swift; path = PredictionServiceTests.swift; sourceTree = "<group>"; };
		25AAE7DE2E2DB88800C98E2C /* WeatherAPIServiceTests.swift */ = {isa = PBXFileReference; lastKnownFileType = sourcecode.swift; path = WeatherAPIServiceTests.swift; sourceTree = "<group>"; };
		25AAE7E22E2DB8A700C98E2C /* MarineDataTests.swift */ = {isa = PBXFileReference; lastKnownFileType = sourcecode.swift; path = MarineDataTests.swift; sourceTree = "<group>"; };
		25AAE7E32E2DB8A700C98E2C /* WeatherDataTests.swift */ = {isa = PBXFileReference; lastKnownFileType = sourcecode.swift; path = WeatherDataTests.swift; sourceTree = "<group>"; };
		25AAE7E62E2DC6B000C98E2C /* DashboardViewModel.swift */ = {isa = PBXFileReference; lastKnownFileType = sourcecode.swift; path = DashboardViewModel.swift; sourceTree = "<group>"; };
		28A38CAEB2F9FECCEBFB7190 /* .gitkeep */ = {isa = PBXFileReference; lastKnownFileType = text; path = .gitkeep; sourceTree = "<group>"; };
		2D7E06F53AFBD7E47A5DEB37 /* .gitkeep */ = {isa = PBXFileReference; lastKnownFileType = text; path = .gitkeep; sourceTree = "<group>"; };
		2E05F228B454D107A3AEBF2A /* JubileeEvent.swift */ = {isa = PBXFileReference; lastKnownFileType = sourcecode.swift; path = JubileeEvent.swift; sourceTree = "<group>"; };
		2ECEB6B648779C7E6A321DE1 /* ContentView.swift */ = {isa = PBXFileReference; lastKnownFileType = sourcecode.swift; path = ContentView.swift; sourceTree = "<group>"; };
		2F9AD856C4089E1F6341B13A /* UserReport.swift */ = {isa = PBXFileReference; lastKnownFileType = sourcecode.swift; path = UserReport.swift; sourceTree = "<group>"; };
		3464951C1B1A66F3B6A2BCE0 /* EventService.swift */ = {isa = PBXFileReference; lastKnownFileType = sourcecode.swift; path = EventService.swift; sourceTree = "<group>"; };
		346F87625C1C99D33CD432B3 /* .gitkeep */ = {isa = PBXFileReference; lastKnownFileType = text; path = .gitkeep; sourceTree = "<group>"; };
		3CC8AD8E2EA300FCC91CA1F2 /* .gitkeep */ = {isa = PBXFileReference; lastKnownFileType = text; path = .gitkeep; sourceTree = "<group>"; };
		3EA5CDB8FBE840E6E512634F /* .gitkeep */ = {isa = PBXFileReference; lastKnownFileType = text; path = .gitkeep; sourceTree = "<group>"; };
		4468F0718504EFA782915D21 /* JubileeEnums.swift */ = {isa = PBXFileReference; lastKnownFileType = sourcecode.swift; path = JubileeEnums.swift; sourceTree = "<group>"; };
		48B127775D45ADBE59EC90EA /* .gitkeep */ = {isa = PBXFileReference; lastKnownFileType = text; path = .gitkeep; sourceTree = "<group>"; };
		4B6E56430F4EA5DF9FDEA0AD /* LocationAccuracy.swift */ = {isa = PBXFileReference; lastKnownFileType = sourcecode.swift; path = LocationAccuracy.swift; sourceTree = "<group>"; };
		5371A0C7CD7DA8A8C5BBA0B8 /* Info.plist */ = {isa = PBXFileReference; lastKnownFileType = text.plist; path = Info.plist; sourceTree = "<group>"; };
		588762AAA5EE5F4C5041EB5B /* JubileeMobileBay.entitlements */ = {isa = PBXFileReference; lastKnownFileType = text.plist.entitlements; path = JubileeMobileBay.entitlements; sourceTree = "<group>"; };
		5A33BB729B7C2753F30E27A3 /* ReportViewTests.swift */ = {isa = PBXFileReference; lastKnownFileType = sourcecode.swift; path = ReportViewTests.swift; sourceTree = "<group>"; };
		61AAB8ABCE4228F1F7599B45 /* Info.plist */ = {isa = PBXFileReference; lastKnownFileType = text.plist; path = Info.plist; sourceTree = "<group>"; };
		6A5C6275C88CD799EBD962C0 /* .gitkeep */ = {isa = PBXFileReference; lastKnownFileType = text; path = .gitkeep; sourceTree = "<group>"; };
		703576ED1F290E39CD56678E /* .gitkeep */ = {isa = PBXFileReference; lastKnownFileType = text; path = .gitkeep; sourceTree = "<group>"; };
		73A95D008249593E9AFBACE0 /* LocationService.swift */ = {isa = PBXFileReference; lastKnownFileType = sourcecode.swift; path = LocationService.swift; sourceTree = "<group>"; };
		7B8597AF5AF6662B38E29A90 /* UserReportTests.swift */ = {isa = PBXFileReference; lastKnownFileType = sourcecode.swift; path = UserReportTests.swift; sourceTree = "<group>"; };
		83D0FD67B39383C424B91E69 /* Assets.xcassets */ = {isa = PBXFileReference; lastKnownFileType = folder.assetcatalog; path = Assets.xcassets; sourceTree = "<group>"; };
		853BE2D24CECBCCD26D0BCBF /* CloudKitSchema.md */ = {isa = PBXFileReference; lastKnownFileType = net.daringfireball.markdown; path = CloudKitSchema.md; sourceTree = "<group>"; };
		8589CED715E1E7E7FC4F6F6B /* .gitkeep */ = {isa = PBXFileReference; lastKnownFileType = text; path = .gitkeep; sourceTree = "<group>"; };
		8FD09A53CD70AB4567D1A3F0 /* MapViewModel.swift */ = {isa = PBXFileReference; lastKnownFileType = sourcecode.swift; path = MapViewModel.swift; sourceTree = "<group>"; };
		9F069B4762AECF9781E0870E /* PhotoItem.swift */ = {isa = PBXFileReference; lastKnownFileType = sourcecode.swift; path = PhotoItem.swift; sourceTree = "<group>"; };
		9FB327B1F910D39B03FAA3D6 /* JubileeMobileBayTests.xctest */ = {isa = PBXFileReference; explicitFileType = wrapper.cfbundle; includeInIndex = 0; path = JubileeMobileBayTests.xctest; sourceTree = BUILT_PRODUCTS_DIR; };
		B278E841280425D866A6A159 /* ReportViewModel.swift */ = {isa = PBXFileReference; lastKnownFileType = sourcecode.swift; path = ReportViewModel.swift; sourceTree = "<group>"; };
		B77F5FE2CD8BC49950579D36 /* LocationServiceTests.swift */ = {isa = PBXFileReference; lastKnownFileType = sourcecode.swift; path = LocationServiceTests.swift; sourceTree = "<group>"; };
		C28F00160A81B7A1EFDD7157 /* .gitkeep */ = {isa = PBXFileReference; lastKnownFileType = text; path = .gitkeep; sourceTree = "<group>"; };
		C2956AFB046581EFC1218DD8 /* EnvironmentalDataTests.swift */ = {isa = PBXFileReference; lastKnownFileType = sourcecode.swift; path = EnvironmentalDataTests.swift; sourceTree = "<group>"; };
		C3600EC03C24FA2D6FD2455A /* JubileeMobileBay.app */ = {isa = PBXFileReference; explicitFileType = wrapper.application; includeInIndex = 0; path = JubileeMobileBay.app; sourceTree = BUILT_PRODUCTS_DIR; };
		CDCEFE8CFFF83E8F85BEEE91 /* .gitkeep */ = {isa = PBXFileReference; lastKnownFileType = text; path = .gitkeep; sourceTree = "<group>"; };
		D72E04BBE629683D6C597352 /* LocationServiceProtocol.swift */ = {isa = PBXFileReference; lastKnownFileType = sourcecode.swift; path = LocationServiceProtocol.swift; sourceTree = "<group>"; };
		DB1F73130D5BC191BFD3441D /* JubileeEventTests.swift */ = {isa = PBXFileReference; lastKnownFileType = sourcecode.swift; path = JubileeEventTests.swift; sourceTree = "<group>"; };
		DC1A4564FE17E3EBE2841CC5 /* TimeRange.swift */ = {isa = PBXFileReference; lastKnownFileType = sourcecode.swift; path = TimeRange.swift; sourceTree = "<group>"; };
		DFE6B9D122872EF9EA04E652 /* MapViewModelTests.swift */ = {isa = PBXFileReference; lastKnownFileType = sourcecode.swift; path = MapViewModelTests.swift; sourceTree = "<group>"; };
		E0D2215F3A00E411EF11365D /* .gitkeep */ = {isa = PBXFileReference; lastKnownFileType = text; path = .gitkeep; sourceTree = "<group>"; };
		E657B15B9A85ED9F61B214A6 /* CloudKitSchemaSetup.swift */ = {isa = PBXFileReference; lastKnownFileType = sourcecode.swift; path = CloudKitSchemaSetup.swift; sourceTree = "<group>"; };
		EFD6D467C4374629BB46DD29 /* CloudKitService.swift */ = {isa = PBXFileReference; lastKnownFileType = sourcecode.swift; path = CloudKitService.swift; sourceTree = "<group>"; };
		F62C006DFE00BFAEBA8DFE1C /* JubileeMetadata.swift */ = {isa = PBXFileReference; lastKnownFileType = sourcecode.swift; path = JubileeMetadata.swift; sourceTree = "<group>"; };
		FEE97EE742DD10A97129EC61 /* JubileeMapView.swift */ = {isa = PBXFileReference; lastKnownFileType = sourcecode.swift; path = JubileeMapView.swift; sourceTree = "<group>"; };
/* End PBXFileReference section */

/* Begin PBXGroup section */
		00648A7A2B7CA630EA70DAF1 /* Protocols */ = {
			isa = PBXGroup;
			children = (
				25AAE7D62E2DB83900C98E2C /* MarineDataProtocol.swift */,
				25AAE7D72E2DB83900C98E2C /* URLSessionProtocol.swift */,
				25AAE7D82E2DB83900C98E2C /* WeatherAPIProtocol.swift */,
				25AAE78D2E2C837C00C98E2C /* CloudKitServiceProtocol.swift */,
				6A5C6275C88CD799EBD962C0 /* .gitkeep */,
			);
			path = Protocols;
			sourceTree = "<group>";
		};
		072B9B2505FF5C2D64974235 /* Enums */ = {
			isa = PBXGroup;
			children = (
				4468F0718504EFA782915D21 /* JubileeEnums.swift */,
			);
			path = Enums;
			sourceTree = "<group>";
		};
		079D4328E0F7E8EA94763AD0 /* Products */ = {
			isa = PBXGroup;
			children = (
				C3600EC03C24FA2D6FD2455A /* JubileeMobileBay.app */,
				9FB327B1F910D39B03FAA3D6 /* JubileeMobileBayTests.xctest */,
			);
			name = Products;
			sourceTree = "<group>";
		};
		0DE646A481833992666D2D42 /* ViewModels */ = {
			isa = PBXGroup;
			children = (
				DFE6B9D122872EF9EA04E652 /* MapViewModelTests.swift */,
				2542BDFBBFEB22610833CCBB /* ReportViewModelTests.swift */,
			);
			path = ViewModels;
			sourceTree = "<group>";
		};
		1C49DF243EEE42866C7A36B3 /* Domain */ = {
			isa = PBXGroup;
			children = (
				008FF7CCBD7D269A29216A86 /* EnvironmentalData.swift */,
				2E05F228B454D107A3AEBF2A /* JubileeEvent.swift */,
				F62C006DFE00BFAEBA8DFE1C /* JubileeMetadata.swift */,
				07503F2F19EDCEFA21367418 /* PhotoReference.swift */,
				2F9AD856C4089E1F6341B13A /* UserReport.swift */,
				25AAE7882E2C713D00C98E2C /* CommunityPost.swift */,
			);
			path = Domain;
			sourceTree = "<group>";
		};
		1EB03D43FCB0763B9F3E1078 /* Implementations */ = {
			isa = PBXGroup;
			children = (
				28A38CAEB2F9FECCEBFB7190 /* .gitkeep */,
			);
			path = Implementations;
			sourceTree = "<group>";
		};
		25E77E448C850ABAD8BC87C3 /* Components */ = {
			isa = PBXGroup;
			children = (
				2281E2662CFA7726CA11356C /* .gitkeep */,
			);
			path = Components;
			sourceTree = "<group>";
		};
		273D41170C1FEBC3CDA2E9F9 /* Models */ = {
			isa = PBXGroup;
			children = (
				25AAE7E22E2DB8A700C98E2C /* MarineDataTests.swift */,
				25AAE7E32E2DB8A700C98E2C /* WeatherDataTests.swift */,
				C2956AFB046581EFC1218DD8 /* EnvironmentalDataTests.swift */,
				DB1F73130D5BC191BFD3441D /* JubileeEventTests.swift */,
				7B8597AF5AF6662B38E29A90 /* UserReportTests.swift */,
			);
			path = Models;
			sourceTree = "<group>";
		};
		315B4CC8950C563AEF2D7D71 /* Mocks */ = {
			isa = PBXGroup;
			children = (
				3EA5CDB8FBE840E6E512634F /* .gitkeep */,
			);
			path = Mocks;
			sourceTree = "<group>";
		};
		3229252FB14F99749BEA44E3 /* Utilities */ = {
			isa = PBXGroup;
			children = (
				493D23AE46BB8E83C0CE2E41 /* Constants */,
				9299EF94532FA08661D4496E /* Extensions */,
				B1227D563F515232229D4838 /* Helpers */,
			);
			path = Utilities;
			sourceTree = "<group>";
		};
		3507CC62AC5BD6AEE221BAB4 /* Features */ = {
			isa = PBXGroup;
			children = (
				3CC8AD8E2EA300FCC91CA1F2 /* .gitkeep */,
			);
			path = Features;
			sourceTree = "<group>";
		};
		38BAC754320FB4334D36C938 /* Services */ = {
			isa = PBXGroup;
			children = (
				25AAE7DC2E2DB88800C98E2C /* MarineDataServiceTests.swift */,
				25AAE7DD2E2DB88800C98E2C /* PredictionServiceTests.swift */,
				25AAE7DE2E2DB88800C98E2C /* WeatherAPIServiceTests.swift */,
				B77F5FE2CD8BC49950579D36 /* LocationServiceTests.swift */,
			);
			path = Services;
			sourceTree = "<group>";
		};
		40F02D533DA45B7B26EC2147 /* DTOs */ = {
			isa = PBXGroup;
			children = (
				346F87625C1C99D33CD432B3 /* .gitkeep */,
			);
			path = DTOs;
			sourceTree = "<group>";
		};
		460B8BAE4D3C934FD39734B0 /* Modifiers */ = {
			isa = PBXGroup;
			children = (
				2D7E06F53AFBD7E47A5DEB37 /* .gitkeep */,
			);
			path = Modifiers;
			sourceTree = "<group>";
		};
		493D23AE46BB8E83C0CE2E41 /* Constants */ = {
			isa = PBXGroup;
			children = (
				E0D2215F3A00E411EF11365D /* .gitkeep */,
			);
			path = Constants;
			sourceTree = "<group>";
		};
		539A9EDEA74164883182770F /* Views */ = {
			isa = PBXGroup;
			children = (
				25AAE7C42E2D874700C98E2C /* PhotoPickerView.swift */,
				25AAE79A2E2C9D1D00C98E2C /* DashboardView.swift */,
				25AAE7962E2C957600C98E2C /* LoginView.swift */,
				25AAE7902E2C850500C98E2C /* CommunityFeedView.swift */,
				0D226286DF092FF4E4B8F796 /* ReportView.swift */,
				25E77E448C850ABAD8BC87C3 /* Components */,
				83F4A367B87B80C8695C427C /* Map */,
				460B8BAE4D3C934FD39734B0 /* Modifiers */,
				7F60FC42B3DFA7C12A27F9C9 /* Screens */,
			);
			path = Views;
			sourceTree = "<group>";
		};
		740352F3949AE37A78DEED15 = {
			isa = PBXGroup;
			children = (
				F8489AD05036659D9DCAE325 /* JubileeMobileBay */,
				E5D70B4041FEBBA763B0535E /* JubileeMobileBayTests */,
				079D4328E0F7E8EA94763AD0 /* Products */,
			);
			sourceTree = "<group>";
		};
		77E8E45E7AB03FFB2232F843 /* Resources */ = {
			isa = PBXGroup;
			children = (
				CDCEFE8CFFF83E8F85BEEE91 /* .gitkeep */,
				853BE2D24CECBCCD26D0BCBF /* CloudKitSchema.md */,
			);
			path = Resources;
			sourceTree = "<group>";
		};
		7F60FC42B3DFA7C12A27F9C9 /* Screens */ = {
			isa = PBXGroup;
			children = (
				C28F00160A81B7A1EFDD7157 /* .gitkeep */,
			);
			path = Screens;
			sourceTree = "<group>";
		};
		83F4A367B87B80C8695C427C /* Map */ = {
			isa = PBXGroup;
			children = (
				FEE97EE742DD10A97129EC61 /* JubileeMapView.swift */,
			);
			path = Map;
			sourceTree = "<group>";
		};
		8FE8AE529252F479712D575F /* ViewModels */ = {
			isa = PBXGroup;
			children = (
				25AAE7E62E2DC6B000C98E2C /* DashboardViewModel.swift */,
				25AAE7942E2C956B00C98E2C /* AuthenticationViewModel.swift */,
				25AAE78E2E2C84DD00C98E2C /* CommunityFeedViewModel.swift */,
				8FD09A53CD70AB4567D1A3F0 /* MapViewModel.swift */,
				B278E841280425D866A6A159 /* ReportViewModel.swift */,
				9E1C55ACDF93F58F07E8EEDE /* Base */,
				3507CC62AC5BD6AEE221BAB4 /* Features */,
			);
			path = ViewModels;
			sourceTree = "<group>";
		};
		9299EF94532FA08661D4496E /* Extensions */ = {
			isa = PBXGroup;
			children = (
				25AAE79C2E2C9E7B00C98E2C /* Color+Hex.swift */,
				703576ED1F290E39CD56678E /* .gitkeep */,
			);
			path = Extensions;
			sourceTree = "<group>";
		};
		9E1C55ACDF93F58F07E8EEDE /* Base */ = {
			isa = PBXGroup;
			children = (
				48B127775D45ADBE59EC90EA /* .gitkeep */,
			);
			path = Base;
			sourceTree = "<group>";
		};
		9EC458439BF81012382C2D78 /* Models */ = {
			isa = PBXGroup;
			children = (
				25AAE7CA2E2DB7C900C98E2C /* MarineData.swift */,
				25AAE7CB2E2DB7C900C98E2C /* PredictionModels.swift */,
				25AAE7CC2E2DB7C900C98E2C /* WeatherData.swift */,
				204FBBAAB6038157D7B71179 /* EventAnnotation.swift */,
				9F069B4762AECF9781E0870E /* PhotoItem.swift */,
				DC1A4564FE17E3EBE2841CC5 /* TimeRange.swift */,
				1C49DF243EEE42866C7A36B3 /* Domain */,
				40F02D533DA45B7B26EC2147 /* DTOs */,
				072B9B2505FF5C2D64974235 /* Enums */,
				25AAE7892E2C713D00C98E2C /* MarineLifeType.swift */,
			);
			path = Models;
			sourceTree = "<group>";
		};
		B1227D563F515232229D4838 /* Helpers */ = {
			isa = PBXGroup;
			children = (
				8589CED715E1E7E7FC4F6F6B /* .gitkeep */,
			);
			path = Helpers;
			sourceTree = "<group>";
		};
		B45BB034FF9E5E20E0454BCB /* Views */ = {
			isa = PBXGroup;
			children = (
				5A33BB729B7C2753F30E27A3 /* ReportViewTests.swift */,
			);
			path = Views;
			sourceTree = "<group>";
		};
		E5D70B4041FEBBA763B0535E /* JubileeMobileBayTests */ = {
			isa = PBXGroup;
			children = (
				25AAE7C62E2D87E100C98E2C /* MockServices.swift */,
				25AAE7C72E2D87E100C98E2C /* PhotoPickerViewTests.swift */,
				1828E5D10E0B371227A82D27 /* CloudKitServiceTests.swift */,
				5371A0C7CD7DA8A8C5BBA0B8 /* Info.plist */,
				273D41170C1FEBC3CDA2E9F9 /* Models */,
				38BAC754320FB4334D36C938 /* Services */,
				0DE646A481833992666D2D42 /* ViewModels */,
				B45BB034FF9E5E20E0454BCB /* Views */,
			);
			path = JubileeMobileBayTests;
			sourceTree = "<group>";
		};
		ED83EC836F51A5F9E02FF078 /* Services */ = {
			isa = PBXGroup;
			children = (
				25AAE7D02E2DB81F00C98E2C /* MarineDataService.swift */,
				25AAE7D12E2DB81F00C98E2C /* PredictionService.swift */,
				25AAE7D22E2DB81F00C98E2C /* WeatherAPIService.swift */,
				25AAE7BC2E2D871800C98E2C /* CloudKitErrorRecovery.swift */,
				25AAE7BD2E2D871800C98E2C /* CloudKitValidator.swift */,
				25AAE7BE2E2D871800C98E2C /* PhotoUploadService.swift */,
				25AAE7BF2E2D871800C98E2C /* UserSessionManager.swift */,
				25AAE7982E2C9CF900C98E2C /* DemoDataService.swift */,
				25AAE7922E2C954E00C98E2C /* AuthenticationService.swift */,
				E657B15B9A85ED9F61B214A6 /* CloudKitSchemaSetup.swift */,
				EFD6D467C4374629BB46DD29 /* CloudKitService.swift */,
				3464951C1B1A66F3B6A2BCE0 /* EventService.swift */,
				4B6E56430F4EA5DF9FDEA0AD /* LocationAccuracy.swift */,
				73A95D008249593E9AFBACE0 /* LocationService.swift */,
				D72E04BBE629683D6C597352 /* LocationServiceProtocol.swift */,
				1EB03D43FCB0763B9F3E1078 /* Implementations */,
				315B4CC8950C563AEF2D7D71 /* Mocks */,
				00648A7A2B7CA630EA70DAF1 /* Protocols */,
			);
			path = Services;
			sourceTree = "<group>";
		};
		F8489AD05036659D9DCAE325 /* JubileeMobileBay */ = {
			isa = PBXGroup;
			children = (
				83D0FD67B39383C424B91E69 /* Assets.xcassets */,
				2ECEB6B648779C7E6A321DE1 /* ContentView.swift */,
				61AAB8ABCE4228F1F7599B45 /* Info.plist */,
				588762AAA5EE5F4C5041EB5B /* JubileeMobileBay.entitlements */,
				1BB30DF3035163DBED8E8DBE /* JubileeMobileBayApp.swift */,
				9EC458439BF81012382C2D78 /* Models */,
				77E8E45E7AB03FFB2232F843 /* Resources */,
				ED83EC836F51A5F9E02FF078 /* Services */,
				3229252FB14F99749BEA44E3 /* Utilities */,
				8FE8AE529252F479712D575F /* ViewModels */,
				539A9EDEA74164883182770F /* Views */,
			);
			path = JubileeMobileBay;
			sourceTree = "<group>";
		};
/* End PBXGroup section */

/* Begin PBXNativeTarget section */
		88730F4A58F2114D43C101F7 /* JubileeMobileBay */ = {
			isa = PBXNativeTarget;
			buildConfigurationList = 427CC876504DF93E02B5B0D5 /* Build configuration list for PBXNativeTarget "JubileeMobileBay" */;
			buildPhases = (
				BFD3DF2299F766C0019E9232 /* Sources */,
				D870174D2B3293CE2D8549A3 /* Resources */,
			);
			buildRules = (
			);
			dependencies = (
			);
			name = JubileeMobileBay;
			packageProductDependencies = (
			);
			productName = JubileeMobileBay;
			productReference = C3600EC03C24FA2D6FD2455A /* JubileeMobileBay.app */;
			productType = "com.apple.product-type.application";
		};
		D215356F9EF5E74FD31732A3 /* JubileeMobileBayTests */ = {
			isa = PBXNativeTarget;
			buildConfigurationList = D3ED693C89220AE9856401DF /* Build configuration list for PBXNativeTarget "JubileeMobileBayTests" */;
			buildPhases = (
				B7803057C09291F31A7A416F /* Sources */,
			);
			buildRules = (
			);
			dependencies = (
				12DA81BC84B1AA955E6F97A0 /* PBXTargetDependency */,
			);
			name = JubileeMobileBayTests;
			packageProductDependencies = (
			);
			productName = JubileeMobileBayTests;
			productReference = 9FB327B1F910D39B03FAA3D6 /* JubileeMobileBayTests.xctest */;
			productType = "com.apple.product-type.bundle.unit-test";
		};
/* End PBXNativeTarget section */

/* Begin PBXProject section */
		F54EB63C980388D908809ABE /* Project object */ = {
			isa = PBXProject;
			attributes = {
				BuildIndependentTargetsInParallel = YES;
				LastUpgradeCheck = 1430;
			};
			buildConfigurationList = 194A029899E002926CC659C0 /* Build configuration list for PBXProject "JubileeMobileBay" */;
			compatibilityVersion = "Xcode 14.0";
			developmentRegion = en;
			hasScannedForEncodings = 0;
			knownRegions = (
				Base,
				en,
			);
			mainGroup = 740352F3949AE37A78DEED15;
			minimizedProjectReferenceProxies = 1;
			projectDirPath = "";
			projectRoot = "";
			targets = (
				88730F4A58F2114D43C101F7 /* JubileeMobileBay */,
				D215356F9EF5E74FD31732A3 /* JubileeMobileBayTests */,
			);
		};
/* End PBXProject section */

/* Begin PBXResourcesBuildPhase section */
		D870174D2B3293CE2D8549A3 /* Resources */ = {
			isa = PBXResourcesBuildPhase;
			buildActionMask = 2147483647;
			files = (
				A7D4EC53520F75F23ACAD7AB /* Assets.xcassets in Resources */,
				4BD9E1246BB06315F126C1E4 /* CloudKitSchema.md in Resources */,
			);
			runOnlyForDeploymentPostprocessing = 0;
		};
/* End PBXResourcesBuildPhase section */

/* Begin PBXSourcesBuildPhase section */
		B7803057C09291F31A7A416F /* Sources */ = {
			isa = PBXSourcesBuildPhase;
			buildActionMask = 2147483647;
			files = (
				CA8102041D627CE65C9BA2A5 /* CloudKitServiceTests.swift in Sources */,
				7F410491AA2130427457E25F /* EnvironmentalDataTests.swift in Sources */,
				0F8D3F7E31514F59C2B78216 /* JubileeEventTests.swift in Sources */,
				25AAE7E42E2DB8A700C98E2C /* WeatherDataTests.swift in Sources */,
				25AAE7E52E2DB8A700C98E2C /* MarineDataTests.swift in Sources */,
				873805F074852692A19AFA75 /* LocationServiceTests.swift in Sources */,
				6C5C825B0D6EE79A7E4A89A5 /* MapViewModelTests.swift in Sources */,
				8C125E7BFE2C07ED82AD2E8E /* ReportViewModelTests.swift in Sources */,
				DBFDDDDA9D0EAA4DF941C662 /* ReportViewTests.swift in Sources */,
				25AAE7DF2E2DB88800C98E2C /* PredictionServiceTests.swift in Sources */,
				25AAE7E02E2DB88800C98E2C /* WeatherAPIServiceTests.swift in Sources */,
				25AAE7E12E2DB88800C98E2C /* MarineDataServiceTests.swift in Sources */,
				25AAE7C82E2D87E100C98E2C /* MockServices.swift in Sources */,
				25AAE7C92E2D87E100C98E2C /* PhotoPickerViewTests.swift in Sources */,
				DB8B457942B77D3A831E22B4 /* UserReportTests.swift in Sources */,
			);
			runOnlyForDeploymentPostprocessing = 0;
		};
		BFD3DF2299F766C0019E9232 /* Sources */ = {
			isa = PBXSourcesBuildPhase;
			buildActionMask = 2147483647;
			files = (
				D7FCB6BA2125AE4FD1BE34D7 /* CloudKitSchemaSetup.swift in Sources */,
				8DA3B1E23A45D88B5E4BFC49 /* CloudKitService.swift in Sources */,
				646410BBB0D62F74E47BA373 /* ContentView.swift in Sources */,
				5088BB10B4F5348151A86165 /* EnvironmentalData.swift in Sources */,
				5C0B624CA37CDE0205D27C93 /* EventAnnotation.swift in Sources */,
				A22761A09BB85A74CC66336D /* EventService.swift in Sources */,
				25AAE7992E2C9CF900C98E2C /* DemoDataService.swift in Sources */,
				25AAE79B2E2C9D1D00C98E2C /* DashboardView.swift in Sources */,
				25AAE7CD2E2DB7C900C98E2C /* MarineData.swift in Sources */,
				25AAE7CE2E2DB7C900C98E2C /* WeatherData.swift in Sources */,
				25AAE7CF2E2DB7C900C98E2C /* PredictionModels.swift in Sources */,
				25AAE7D92E2DB83900C98E2C /* URLSessionProtocol.swift in Sources */,
				25AAE7DA2E2DB83900C98E2C /* MarineDataProtocol.swift in Sources */,
				25AAE7DB2E2DB83900C98E2C /* WeatherAPIProtocol.swift in Sources */,
				25AAE7952E2C956B00C98E2C /* AuthenticationViewModel.swift in Sources */,
				25AAE7E72E2DC6B000C98E2C /* DashboardViewModel.swift in Sources */,
				25AAE7C02E2D871800C98E2C /* PhotoUploadService.swift in Sources */,
				25AAE7C12E2D871800C98E2C /* CloudKitErrorRecovery.swift in Sources */,
				25AAE7C22E2D871800C98E2C /* UserSessionManager.swift in Sources */,
				25AAE7C32E2D871800C98E2C /* CloudKitValidator.swift in Sources */,
				2E2E90CD329479FC51E17584 /* JubileeEnums.swift in Sources */,
				1E4DD6A8A85E6B4DF874545B /* JubileeEvent.swift in Sources */,
				25AAE7D32E2DB81F00C98E2C /* PredictionService.swift in Sources */,
				25AAE7D42E2DB81F00C98E2C /* WeatherAPIService.swift in Sources */,
				25AAE7D52E2DB81F00C98E2C /* MarineDataService.swift in Sources */,
				3969F25337B9FB7FB89E3740 /* JubileeMapView.swift in Sources */,
				3EDF6D7F2A11DDC3357B191D /* JubileeMetadata.swift in Sources */,
				9CF8E811A8F5365B8F58AAFA /* JubileeMobileBayApp.swift in Sources */,
				25AAE7932E2C954E00C98E2C /* AuthenticationService.swift in Sources */,
				65791C27F093763E30615347 /* LocationAccuracy.swift in Sources */,
				25AAE78A2E2C713D00C98E2C /* MarineLifeType.swift in Sources */,
				25AAE78B2E2C713D00C98E2C /* CommunityPost.swift in Sources */,
				3E62F7ABAB1A2904C8611107 /* LocationService.swift in Sources */,
				BECF78AFFFC0F88E7AFF30F3 /* LocationServiceProtocol.swift in Sources */,
				F8BC3B5AF9DB3001724106A5 /* MapViewModel.swift in Sources */,
				71B08017A78BC9AB8FFE7B70 /* PhotoItem.swift in Sources */,
				02A0FB88EE77B24E8C4417A2 /* PhotoReference.swift in Sources */,
				25AAE7912E2C850500C98E2C /* CommunityFeedView.swift in Sources */,
				25AAE7972E2C957600C98E2C /* LoginView.swift in Sources */,
				4BFF0BBF07C15DB314B41536 /* ReportView.swift in Sources */,
				60A0103946111963A16047C8 /* ReportViewModel.swift in Sources */,
				25AAE7C52E2D874700C98E2C /* PhotoPickerView.swift in Sources */,
				9B7BFF272E2B447E69152AA5 /* TimeRange.swift in Sources */,
				25AAE78F2E2C84DD00C98E2C /* CommunityFeedViewModel.swift in Sources */,
				7FD8DB9D4604D48E06D7490F /* UserReport.swift in Sources */,
				25AAE79D2E2C9E7B00C98E2C /* Color+Hex.swift in Sources */,
			);
			runOnlyForDeploymentPostprocessing = 0;
		};
/* End PBXSourcesBuildPhase section */

/* Begin PBXTargetDependency section */
		12DA81BC84B1AA955E6F97A0 /* PBXTargetDependency */ = {
			isa = PBXTargetDependency;
			target = 88730F4A58F2114D43C101F7 /* JubileeMobileBay */;
			targetProxy = 01D7A46385C9D43661703A32 /* PBXContainerItemProxy */;
		};
/* End PBXTargetDependency section */

/* Begin XCBuildConfiguration section */
		067D91414C420F370ADA93EA /* Release */ = {
			isa = XCBuildConfiguration;
			buildSettings = {
				ALWAYS_SEARCH_USER_PATHS = NO;
				CLANG_ANALYZER_NONNULL = YES;
				CLANG_ANALYZER_NUMBER_OBJECT_CONVERSION = YES_AGGRESSIVE;
				CLANG_CXX_LANGUAGE_STANDARD = "gnu++14";
				CLANG_CXX_LIBRARY = "libc++";
				CLANG_ENABLE_MODULES = YES;
				CLANG_ENABLE_OBJC_ARC = YES;
				CLANG_ENABLE_OBJC_WEAK = YES;
				CLANG_WARN_BLOCK_CAPTURE_AUTORELEASING = YES;
				CLANG_WARN_BOOL_CONVERSION = YES;
				CLANG_WARN_COMMA = YES;
				CLANG_WARN_CONSTANT_CONVERSION = YES;
				CLANG_WARN_DEPRECATED_OBJC_IMPLEMENTATIONS = YES;
				CLANG_WARN_DIRECT_OBJC_ISA_USAGE = YES_ERROR;
				CLANG_WARN_DOCUMENTATION_COMMENTS = YES;
				CLANG_WARN_EMPTY_BODY = YES;
				CLANG_WARN_ENUM_CONVERSION = YES;
				CLANG_WARN_INFINITE_RECURSION = YES;
				CLANG_WARN_INT_CONVERSION = YES;
				CLANG_WARN_NON_LITERAL_NULL_CONVERSION = YES;
				CLANG_WARN_OBJC_IMPLICIT_RETAIN_SELF = YES;
				CLANG_WARN_OBJC_LITERAL_CONVERSION = YES;
				CLANG_WARN_OBJC_ROOT_CLASS = YES_ERROR;
				CLANG_WARN_QUOTED_INCLUDE_IN_FRAMEWORK_HEADER = YES;
				CLANG_WARN_RANGE_LOOP_ANALYSIS = YES;
				CLANG_WARN_STRICT_PROTOTYPES = YES;
				CLANG_WARN_SUSPICIOUS_MOVE = YES;
				CLANG_WARN_UNGUARDED_AVAILABILITY = YES_AGGRESSIVE;
				CLANG_WARN_UNREACHABLE_CODE = YES;
				CLANG_WARN__DUPLICATE_METHOD_MATCH = YES;
				CODE_SIGN_IDENTITY = "iPhone Developer";
				COPY_PHASE_STRIP = NO;
				DEBUG_INFORMATION_FORMAT = "dwarf-with-dsym";
				DEVELOPMENT_TEAM = "";
				ENABLE_NS_ASSERTIONS = NO;
				ENABLE_STRICT_OBJC_MSGSEND = YES;
				GCC_C_LANGUAGE_STANDARD = gnu11;
				GCC_NO_COMMON_BLOCKS = YES;
				GCC_WARN_64_TO_32_BIT_CONVERSION = YES;
				GCC_WARN_ABOUT_RETURN_TYPE = YES_ERROR;
				GCC_WARN_UNDECLARED_SELECTOR = YES;
				GCC_WARN_UNINITIALIZED_AUTOS = YES_AGGRESSIVE;
				GCC_WARN_UNUSED_FUNCTION = YES;
				GCC_WARN_UNUSED_VARIABLE = YES;
				IPHONEOS_DEPLOYMENT_TARGET = 17.0;
				MTL_ENABLE_DEBUG_INFO = NO;
				MTL_FAST_MATH = YES;
				PRODUCT_NAME = "$(TARGET_NAME)";
				SDKROOT = iphoneos;
				SWIFT_COMPILATION_MODE = wholemodule;
				SWIFT_OPTIMIZATION_LEVEL = "-O";
				SWIFT_VERSION = 5.0;
			};
			name = Release;
		};
		0E9E6F192CD92E2D36CBB938 /* Release */ = {
			isa = XCBuildConfiguration;
			buildSettings = {
				ASSETCATALOG_COMPILER_APPICON_NAME = AppIcon;
				CODE_SIGN_ENTITLEMENTS = JubileeMobileBay/JubileeMobileBay.entitlements;
				CODE_SIGN_IDENTITY = "iPhone Developer";
				DEVELOPMENT_TEAM = 32XZRDTGK3;
				INFOPLIST_FILE = JubileeMobileBay/Info.plist;
				LD_RUNPATH_SEARCH_PATHS = (
					"$(inherited)",
					"@executable_path/Frameworks",
				);
				PRODUCT_BUNDLE_IDENTIFIER = com.jubileemobilebay.app;
				SDKROOT = iphoneos;
				TARGETED_DEVICE_FAMILY = "1,2";
			};
			name = Release;
		};
		192C87C8E731760821D6E8D0 /* Debug */ = {
			isa = XCBuildConfiguration;
			buildSettings = {
				ALWAYS_SEARCH_USER_PATHS = NO;
				CLANG_ANALYZER_NONNULL = YES;
				CLANG_ANALYZER_NUMBER_OBJECT_CONVERSION = YES_AGGRESSIVE;
				CLANG_CXX_LANGUAGE_STANDARD = "gnu++14";
				CLANG_CXX_LIBRARY = "libc++";
				CLANG_ENABLE_MODULES = YES;
				CLANG_ENABLE_OBJC_ARC = YES;
				CLANG_ENABLE_OBJC_WEAK = YES;
				CLANG_WARN_BLOCK_CAPTURE_AUTORELEASING = YES;
				CLANG_WARN_BOOL_CONVERSION = YES;
				CLANG_WARN_COMMA = YES;
				CLANG_WARN_CONSTANT_CONVERSION = YES;
				CLANG_WARN_DEPRECATED_OBJC_IMPLEMENTATIONS = YES;
				CLANG_WARN_DIRECT_OBJC_ISA_USAGE = YES_ERROR;
				CLANG_WARN_DOCUMENTATION_COMMENTS = YES;
				CLANG_WARN_EMPTY_BODY = YES;
				CLANG_WARN_ENUM_CONVERSION = YES;
				CLANG_WARN_INFINITE_RECURSION = YES;
				CLANG_WARN_INT_CONVERSION = YES;
				CLANG_WARN_NON_LITERAL_NULL_CONVERSION = YES;
				CLANG_WARN_OBJC_IMPLICIT_RETAIN_SELF = YES;
				CLANG_WARN_OBJC_LITERAL_CONVERSION = YES;
				CLANG_WARN_OBJC_ROOT_CLASS = YES_ERROR;
				CLANG_WARN_QUOTED_INCLUDE_IN_FRAMEWORK_HEADER = YES;
				CLANG_WARN_RANGE_LOOP_ANALYSIS = YES;
				CLANG_WARN_STRICT_PROTOTYPES = YES;
				CLANG_WARN_SUSPICIOUS_MOVE = YES;
				CLANG_WARN_UNGUARDED_AVAILABILITY = YES_AGGRESSIVE;
				CLANG_WARN_UNREACHABLE_CODE = YES;
				CLANG_WARN__DUPLICATE_METHOD_MATCH = YES;
				CODE_SIGN_IDENTITY = "iPhone Developer";
				COPY_PHASE_STRIP = NO;
				DEBUG_INFORMATION_FORMAT = dwarf;
				DEVELOPMENT_TEAM = "";
				ENABLE_STRICT_OBJC_MSGSEND = YES;
				ENABLE_TESTABILITY = YES;
				GCC_C_LANGUAGE_STANDARD = gnu11;
				GCC_DYNAMIC_NO_PIC = NO;
				GCC_NO_COMMON_BLOCKS = YES;
				GCC_OPTIMIZATION_LEVEL = 0;
				GCC_PREPROCESSOR_DEFINITIONS = (
					"$(inherited)",
					"DEBUG=1",
				);
				GCC_WARN_64_TO_32_BIT_CONVERSION = YES;
				GCC_WARN_ABOUT_RETURN_TYPE = YES_ERROR;
				GCC_WARN_UNDECLARED_SELECTOR = YES;
				GCC_WARN_UNINITIALIZED_AUTOS = YES_AGGRESSIVE;
				GCC_WARN_UNUSED_FUNCTION = YES;
				GCC_WARN_UNUSED_VARIABLE = YES;
				IPHONEOS_DEPLOYMENT_TARGET = 17.0;
				MTL_ENABLE_DEBUG_INFO = INCLUDE_SOURCE;
				MTL_FAST_MATH = YES;
				ONLY_ACTIVE_ARCH = YES;
				PRODUCT_NAME = "$(TARGET_NAME)";
				SDKROOT = iphoneos;
				SWIFT_ACTIVE_COMPILATION_CONDITIONS = DEBUG;
				SWIFT_OPTIMIZATION_LEVEL = "-Onone";
				SWIFT_VERSION = 5.0;
			};
			name = Debug;
		};
		AED0FFFC53FCC823B51A2554 /* Debug */ = {
			isa = XCBuildConfiguration;
			buildSettings = {
				BUNDLE_LOADER = "$(TEST_HOST)";
				DEVELOPMENT_TEAM = 32XZRDTGK3;
				INFOPLIST_FILE = JubileeMobileBayTests/Info.plist;
				LD_RUNPATH_SEARCH_PATHS = (
					"$(inherited)",
					"@executable_path/Frameworks",
					"@loader_path/Frameworks",
				);
				PRODUCT_BUNDLE_IDENTIFIER = com.jubileemobilebay.JubileeMobileBayTests;
				SDKROOT = iphoneos;
				TARGETED_DEVICE_FAMILY = "1,2";
				TEST_HOST = "$(BUILT_PRODUCTS_DIR)/JubileeMobileBay.app/JubileeMobileBay";
			};
			name = Debug;
		};
		B1B06719FFA84B964DF04750 /* Debug */ = {
			isa = XCBuildConfiguration;
			buildSettings = {
				ASSETCATALOG_COMPILER_APPICON_NAME = AppIcon;
				CODE_SIGN_ENTITLEMENTS = JubileeMobileBay/JubileeMobileBay.entitlements;
				CODE_SIGN_IDENTITY = "iPhone Developer";
				DEVELOPMENT_TEAM = 32XZRDTGK3;
				INFOPLIST_FILE = JubileeMobileBay/Info.plist;
				LD_RUNPATH_SEARCH_PATHS = (
					"$(inherited)",
					"@executable_path/Frameworks",
				);
				PRODUCT_BUNDLE_IDENTIFIER = com.jubileemobilebay.app;
				SDKROOT = iphoneos;
				TARGETED_DEVICE_FAMILY = "1,2";
			};
			name = Debug;
		};
		DDA76D735C7E6646FC1524AE /* Release */ = {
			isa = XCBuildConfiguration;
			buildSettings = {
				BUNDLE_LOADER = "$(TEST_HOST)";
				DEVELOPMENT_TEAM = 32XZRDTGK3;
				INFOPLIST_FILE = JubileeMobileBayTests/Info.plist;
				LD_RUNPATH_SEARCH_PATHS = (
					"$(inherited)",
					"@executable_path/Frameworks",
					"@loader_path/Frameworks",
				);
				PRODUCT_BUNDLE_IDENTIFIER = com.jubileemobilebay.JubileeMobileBayTests;
				SDKROOT = iphoneos;
				TARGETED_DEVICE_FAMILY = "1,2";
				TEST_HOST = "$(BUILT_PRODUCTS_DIR)/JubileeMobileBay.app/JubileeMobileBay";
			};
			name = Release;
		};
/* End XCBuildConfiguration section */

/* Begin XCConfigurationList section */
		194A029899E002926CC659C0 /* Build configuration list for PBXProject "JubileeMobileBay" */ = {
			isa = XCConfigurationList;
			buildConfigurations = (
				192C87C8E731760821D6E8D0 /* Debug */,
				067D91414C420F370ADA93EA /* Release */,
			);
			defaultConfigurationIsVisible = 0;
			defaultConfigurationName = Debug;
		};
		427CC876504DF93E02B5B0D5 /* Build configuration list for PBXNativeTarget "JubileeMobileBay" */ = {
			isa = XCConfigurationList;
			buildConfigurations = (
				B1B06719FFA84B964DF04750 /* Debug */,
				0E9E6F192CD92E2D36CBB938 /* Release */,
			);
			defaultConfigurationIsVisible = 0;
			defaultConfigurationName = Debug;
		};
		D3ED693C89220AE9856401DF /* Build configuration list for PBXNativeTarget "JubileeMobileBayTests" */ = {
			isa = XCConfigurationList;
			buildConfigurations = (
				AED0FFFC53FCC823B51A2554 /* Debug */,
				DDA76D735C7E6646FC1524AE /* Release */,
			);
			defaultConfigurationIsVisible = 0;
			defaultConfigurationName = Debug;
		};
/* End XCConfigurationList section */
	};
	rootObject = F54EB63C980388D908809ABE /* Project object */;
}
